// !$*UTF8*$!
{
	archiveVersion = 1;
	classes = {
	};
	objectVersion = 46;
	objects = {

/* Begin PBXBuildFile section */
		F206CC771D643E470044B76D /* SMBaseViewController.swift in Sources */ = {isa = PBXBuildFile; fileRef = F206CC761D643E470044B76D /* SMBaseViewController.swift */; };
		F206CC791D643E670044B76D /* SMViewController.swift in Sources */ = {isa = PBXBuildFile; fileRef = F206CC781D643E670044B76D /* SMViewController.swift */; };
		F206CC7B1D6440F50044B76D /* SMUIKitUtils.swift in Sources */ = {isa = PBXBuildFile; fileRef = F206CC7A1D6440F50044B76D /* SMUIKitUtils.swift */; };
		F2143CF91DC6E32400D4135F /* SMTools.framework in Frameworks */ = {isa = PBXBuildFile; fileRef = F2143CF81DC6E32400D4135F /* SMTools.framework */; };
		F2143D311DC6E4D400D4135F /* SMExtension.framework in Frameworks */ = {isa = PBXBuildFile; fileRef = F27285F21D64691500AAE485 /* SMExtension.framework */; };
		F2143D371DC6E6F200D4135F /* SMUIKitUtils.swift in Headers */ = {isa = PBXBuildFile; fileRef = F206CC7A1D6440F50044B76D /* SMUIKitUtils.swift */; settings = {ATTRIBUTES = (Public, ); }; };
		F2143D391DC6E6F200D4135F /* SMView.swift in Headers */ = {isa = PBXBuildFile; fileRef = F273288A1D3F719B00647F9E /* SMView.swift */; settings = {ATTRIBUTES = (Public, ); }; };
		F2143D3A1DC6E6F200D4135F /* SMButton.swift in Headers */ = {isa = PBXBuildFile; fileRef = F2E4D4E51D3E211600D4E916 /* SMButton.swift */; settings = {ATTRIBUTES = (Public, ); }; };
		F2143D3B1DC6E6F200D4135F /* SMImageView.swift in Headers */ = {isa = PBXBuildFile; fileRef = F286BF5A1D7449B6004EE5AE /* SMImageView.swift */; settings = {ATTRIBUTES = (Public, ); }; };
		F2143D3C1DC6E6F200D4135F /* SMTextField.swift in Headers */ = {isa = PBXBuildFile; fileRef = F2DFA48A1D40C21C009D4419 /* SMTextField.swift */; settings = {ATTRIBUTES = (Public, ); }; };
		F2143D3D1DC6E6F200D4135F /* SMSwitch.swift in Headers */ = {isa = PBXBuildFile; fileRef = F2DFA48C1D40C2A9009D4419 /* SMSwitch.swift */; settings = {ATTRIBUTES = (Public, ); }; };
		F2143D3E1DC6E6F200D4135F /* SMSlider.swift in Headers */ = {isa = PBXBuildFile; fileRef = F2DFA48E1D40C309009D4419 /* SMSlider.swift */; settings = {ATTRIBUTES = (Public, ); }; };
		F2143D3F1DC6E6F200D4135F /* SMBaseViewController.swift in Headers */ = {isa = PBXBuildFile; fileRef = F206CC761D643E470044B76D /* SMBaseViewController.swift */; settings = {ATTRIBUTES = (Public, ); }; };
		F2143D401DC6E6F200D4135F /* SMViewController.swift in Headers */ = {isa = PBXBuildFile; fileRef = F206CC781D643E670044B76D /* SMViewController.swift */; settings = {ATTRIBUTES = (Public, ); }; };
		F2143D411DC6E6F200D4135F /* SMTableView.swift in Headers */ = {isa = PBXBuildFile; fileRef = F26B40591D8103E6007967F1 /* SMTableView.swift */; settings = {ATTRIBUTES = (Public, ); }; };
		F26B405A1D8103E6007967F1 /* SMTableView.swift in Sources */ = {isa = PBXBuildFile; fileRef = F26B40591D8103E6007967F1 /* SMTableView.swift */; };
		F26C0D7E1E9C7BFC00761EF0 /* SMLoadingMask.swift in Sources */ = {isa = PBXBuildFile; fileRef = F26C0D7D1E9C7BFC00761EF0 /* SMLoadingMask.swift */; };
		F273288B1D3F719B00647F9E /* SMView.swift in Sources */ = {isa = PBXBuildFile; fileRef = F273288A1D3F719B00647F9E /* SMView.swift */; };
		F283B4C71EA466EB00125B72 /* SMWebViewController.swift in Sources */ = {isa = PBXBuildFile; fileRef = F283B4C61EA466EB00125B72 /* SMWebViewController.swift */; };
		F283B4C81EA4712B00125B72 /* SMWebViewController.swift in Headers */ = {isa = PBXBuildFile; fileRef = F283B4C61EA466EB00125B72 /* SMWebViewController.swift */; settings = {ATTRIBUTES = (Public, ); }; };
		F283B4C91EA471B700125B72 /* SMLoadingMask.swift in Headers */ = {isa = PBXBuildFile; fileRef = F26C0D7D1E9C7BFC00761EF0 /* SMLoadingMask.swift */; settings = {ATTRIBUTES = (Public, ); }; };
		F283B4CA1EA471BA00125B72 /* SMRefreshTableView.swift in Headers */ = {isa = PBXBuildFile; fileRef = F286BF501D74360A004EE5AE /* SMRefreshTableView.swift */; settings = {ATTRIBUTES = (Public, ); }; };
		F283B4CB1EA471BF00125B72 /* SMTestView.swift in Headers */ = {isa = PBXBuildFile; fileRef = F2EFB7EC1DFE897600D4F73A /* SMTestView.swift */; settings = {ATTRIBUTES = (Public, ); }; };
		F286BF511D74360A004EE5AE /* SMRefreshTableView.swift in Sources */ = {isa = PBXBuildFile; fileRef = F286BF501D74360A004EE5AE /* SMRefreshTableView.swift */; };
		F286BF5B1D7449B6004EE5AE /* SMImageView.swift in Sources */ = {isa = PBXBuildFile; fileRef = F286BF5A1D7449B6004EE5AE /* SMImageView.swift */; };
		F286BF611D751B5E004EE5AE /* SMUIKit.xcassets in Resources */ = {isa = PBXBuildFile; fileRef = F286BF601D751B5E004EE5AE /* SMUIKit.xcassets */; };
		F2BEDF871EF92F1F00248C21 /* SMAutoScrollView.swift in Sources */ = {isa = PBXBuildFile; fileRef = F2BEDF861EF92F1F00248C21 /* SMAutoScrollView.swift */; };
		F2BEDF881EFA097E00248C21 /* SMAutoScrollView.swift in Headers */ = {isa = PBXBuildFile; fileRef = F2BEDF861EF92F1F00248C21 /* SMAutoScrollView.swift */; settings = {ATTRIBUTES = (Public, ); }; };
		F2BEDF8F1EFA70AD00248C21 /* SMAutoScrollViewCell.swift in Sources */ = {isa = PBXBuildFile; fileRef = F2BEDF8E1EFA70AD00248C21 /* SMAutoScrollViewCell.swift */; };
		F2DFA48B1D40C21C009D4419 /* SMTextField.swift in Sources */ = {isa = PBXBuildFile; fileRef = F2DFA48A1D40C21C009D4419 /* SMTextField.swift */; };
		F2DFA48D1D40C2A9009D4419 /* SMSwitch.swift in Sources */ = {isa = PBXBuildFile; fileRef = F2DFA48C1D40C2A9009D4419 /* SMSwitch.swift */; };
		F2DFA48F1D40C309009D4419 /* SMSlider.swift in Sources */ = {isa = PBXBuildFile; fileRef = F2DFA48E1D40C309009D4419 /* SMSlider.swift */; };
		F2E4D4D91D3E144F00D4E916 /* SMLabel.swift in Sources */ = {isa = PBXBuildFile; fileRef = F2E4D4D81D3E144F00D4E916 /* SMLabel.swift */; };
		F2E4D4DE1D3E198A00D4E916 /* SMLabel.swift in Headers */ = {isa = PBXBuildFile; fileRef = F2E4D4D81D3E144F00D4E916 /* SMLabel.swift */; settings = {ATTRIBUTES = (Public, ); }; };
		F2E4D4E61D3E211600D4E916 /* SMButton.swift in Sources */ = {isa = PBXBuildFile; fileRef = F2E4D4E51D3E211600D4E916 /* SMButton.swift */; };
		F2EFB7ED1DFE897600D4F73A /* SMTestView.swift in Sources */ = {isa = PBXBuildFile; fileRef = F2EFB7EC1DFE897600D4F73A /* SMTestView.swift */; };
/* End PBXBuildFile section */

/* Begin PBXFileReference section */
		F206CC761D643E470044B76D /* SMBaseViewController.swift */ = {isa = PBXFileReference; fileEncoding = 4; lastKnownFileType = sourcecode.swift; path = SMBaseViewController.swift; sourceTree = "<group>"; };
		F206CC781D643E670044B76D /* SMViewController.swift */ = {isa = PBXFileReference; fileEncoding = 4; lastKnownFileType = sourcecode.swift; path = SMViewController.swift; sourceTree = "<group>"; };
		F206CC7A1D6440F50044B76D /* SMUIKitUtils.swift */ = {isa = PBXFileReference; fileEncoding = 4; lastKnownFileType = sourcecode.swift; path = SMUIKitUtils.swift; sourceTree = "<group>"; };
		F2143CF81DC6E32400D4135F /* SMTools.framework */ = {isa = PBXFileReference; lastKnownFileType = wrapper.framework; name = SMTools.framework; path = "../SMTools/build/Debug-iphoneos/SMTools.framework"; sourceTree = "<group>"; };
		F26B40591D8103E6007967F1 /* SMTableView.swift */ = {isa = PBXFileReference; fileEncoding = 4; lastKnownFileType = sourcecode.swift; path = SMTableView.swift; sourceTree = "<group>"; };
		F26C0D7D1E9C7BFC00761EF0 /* SMLoadingMask.swift */ = {isa = PBXFileReference; fileEncoding = 4; lastKnownFileType = sourcecode.swift; path = SMLoadingMask.swift; sourceTree = "<group>"; };
		F27285F21D64691500AAE485 /* SMExtension.framework */ = {isa = PBXFileReference; lastKnownFileType = wrapper.framework; name = SMExtension.framework; path = "../../../Library/Developer/Xcode/DerivedData/SMSwiftLib-dmsxtildlclbwseacevhogmfxmvv/Build/Products/Debug-iphonesimulator/SMExtension.framework"; sourceTree = "<group>"; };
		F273288A1D3F719B00647F9E /* SMView.swift */ = {isa = PBXFileReference; fileEncoding = 4; lastKnownFileType = sourcecode.swift; path = SMView.swift; sourceTree = "<group>"; };
		F283B4C61EA466EB00125B72 /* SMWebViewController.swift */ = {isa = PBXFileReference; fileEncoding = 4; lastKnownFileType = sourcecode.swift; path = SMWebViewController.swift; sourceTree = "<group>"; };
		F286BF501D74360A004EE5AE /* SMRefreshTableView.swift */ = {isa = PBXFileReference; fileEncoding = 4; lastKnownFileType = sourcecode.swift; path = SMRefreshTableView.swift; sourceTree = "<group>"; };
		F286BF5A1D7449B6004EE5AE /* SMImageView.swift */ = {isa = PBXFileReference; fileEncoding = 4; lastKnownFileType = sourcecode.swift; path = SMImageView.swift; sourceTree = "<group>"; };
		F286BF601D751B5E004EE5AE /* SMUIKit.xcassets */ = {isa = PBXFileReference; lastKnownFileType = folder.assetcatalog; path = SMUIKit.xcassets; sourceTree = "<group>"; };
		F2BEDF861EF92F1F00248C21 /* SMAutoScrollView.swift */ = {isa = PBXFileReference; fileEncoding = 4; lastKnownFileType = sourcecode.swift; path = SMAutoScrollView.swift; sourceTree = "<group>"; };
		F2BEDF8E1EFA70AD00248C21 /* SMAutoScrollViewCell.swift */ = {isa = PBXFileReference; fileEncoding = 4; lastKnownFileType = sourcecode.swift; path = SMAutoScrollViewCell.swift; sourceTree = "<group>"; };
		F2DFA48A1D40C21C009D4419 /* SMTextField.swift */ = {isa = PBXFileReference; fileEncoding = 4; lastKnownFileType = sourcecode.swift; path = SMTextField.swift; sourceTree = "<group>"; };
		F2DFA48C1D40C2A9009D4419 /* SMSwitch.swift */ = {isa = PBXFileReference; fileEncoding = 4; lastKnownFileType = sourcecode.swift; path = SMSwitch.swift; sourceTree = "<group>"; };
		F2DFA48E1D40C309009D4419 /* SMSlider.swift */ = {isa = PBXFileReference; fileEncoding = 4; lastKnownFileType = sourcecode.swift; path = SMSlider.swift; sourceTree = "<group>"; };
		F2E4D4C41D3E130800D4E916 /* SMUIKit.framework */ = {isa = PBXFileReference; explicitFileType = wrapper.framework; includeInIndex = 0; path = SMUIKit.framework; sourceTree = BUILT_PRODUCTS_DIR; };
		F2E4D4C81D3E130800D4E916 /* Info.plist */ = {isa = PBXFileReference; lastKnownFileType = text.plist.xml; path = Info.plist; sourceTree = "<group>"; };
		F2E4D4D81D3E144F00D4E916 /* SMLabel.swift */ = {isa = PBXFileReference; fileEncoding = 4; lastKnownFileType = sourcecode.swift; path = SMLabel.swift; sourceTree = "<group>"; };
		F2E4D4E51D3E211600D4E916 /* SMButton.swift */ = {isa = PBXFileReference; fileEncoding = 4; lastKnownFileType = sourcecode.swift; path = SMButton.swift; sourceTree = "<group>"; };
		F2EFB7EC1DFE897600D4F73A /* SMTestView.swift */ = {isa = PBXFileReference; fileEncoding = 4; lastKnownFileType = sourcecode.swift; path = SMTestView.swift; sourceTree = "<group>"; };
/* End PBXFileReference section */

/* Begin PBXFrameworksBuildPhase section */
		F2E4D4C01D3E130800D4E916 /* Frameworks */ = {
			isa = PBXFrameworksBuildPhase;
			buildActionMask = 2147483647;
			files = (
				F2143D311DC6E4D400D4135F /* SMExtension.framework in Frameworks */,
				F2143CF91DC6E32400D4135F /* SMTools.framework in Frameworks */,
			);
			runOnlyForDeploymentPostprocessing = 0;
		};
/* End PBXFrameworksBuildPhase section */

/* Begin PBXGroup section */
		F26C0D7C1E9C7BFC00761EF0 /* SMControl */ = {
			isa = PBXGroup;
			children = (
				F26C0D7D1E9C7BFC00761EF0 /* SMLoadingMask.swift */,
				F2BEDF861EF92F1F00248C21 /* SMAutoScrollView.swift */,
				F2BEDF8E1EFA70AD00248C21 /* SMAutoScrollViewCell.swift */,
			);
			path = SMControl;
			sourceTree = "<group>";
		};
		F27285F11D64691400AAE485 /* Frameworks */ = {
			isa = PBXGroup;
			children = (
				F2143CF81DC6E32400D4135F /* SMTools.framework */,
				F27285F21D64691500AAE485 /* SMExtension.framework */,
			);
			name = Frameworks;
			sourceTree = "<group>";
		};
		F286BF4F1D74360A004EE5AE /* SMRefresh */ = {
			isa = PBXGroup;
			children = (
				F286BF501D74360A004EE5AE /* SMRefreshTableView.swift */,
			);
			path = SMRefresh;
			sourceTree = "<group>";
		};
		F2E4D4BA1D3E130800D4E916 = {
			isa = PBXGroup;
			children = (
				F286BF601D751B5E004EE5AE /* SMUIKit.xcassets */,
				F2E4D4C61D3E130800D4E916 /* SMUIKit */,
				F2E4D4C51D3E130800D4E916 /* Products */,
				F27285F11D64691400AAE485 /* Frameworks */,
			);
			sourceTree = "<group>";
		};
		F2E4D4C51D3E130800D4E916 /* Products */ = {
			isa = PBXGroup;
			children = (
				F2E4D4C41D3E130800D4E916 /* SMUIKit.framework */,
			);
			name = Products;
			sourceTree = "<group>";
		};
		F2E4D4C61D3E130800D4E916 /* SMUIKit */ = {
			isa = PBXGroup;
			children = (
				F26C0D7C1E9C7BFC00761EF0 /* SMControl */,
				F2E4D4C81D3E130800D4E916 /* Info.plist */,
				F206CC7A1D6440F50044B76D /* SMUIKitUtils.swift */,
				F273288A1D3F719B00647F9E /* SMView.swift */,
				F2E4D4D81D3E144F00D4E916 /* SMLabel.swift */,
				F2E4D4E51D3E211600D4E916 /* SMButton.swift */,
				F286BF5A1D7449B6004EE5AE /* SMImageView.swift */,
				F2DFA48A1D40C21C009D4419 /* SMTextField.swift */,
				F2DFA48C1D40C2A9009D4419 /* SMSwitch.swift */,
				F2DFA48E1D40C309009D4419 /* SMSlider.swift */,
				F206CC761D643E470044B76D /* SMBaseViewController.swift */,
				F206CC781D643E670044B76D /* SMViewController.swift */,
				F26B40591D8103E6007967F1 /* SMTableView.swift */,
				F283B4C61EA466EB00125B72 /* SMWebViewController.swift */,
				F286BF4F1D74360A004EE5AE /* SMRefresh */,
				F2EFB7EC1DFE897600D4F73A /* SMTestView.swift */,
			);
			path = SMUIKit;
			sourceTree = "<group>";
		};
/* End PBXGroup section */

/* Begin PBXHeadersBuildPhase section */
		F2E4D4C11D3E130800D4E916 /* Headers */ = {
			isa = PBXHeadersBuildPhase;
			buildActionMask = 2147483647;
			files = (
				F2E4D4DE1D3E198A00D4E916 /* SMLabel.swift in Headers */,
				F2143D371DC6E6F200D4135F /* SMUIKitUtils.swift in Headers */,
				F2143D391DC6E6F200D4135F /* SMView.swift in Headers */,
				F2143D3A1DC6E6F200D4135F /* SMButton.swift in Headers */,
				F2143D3B1DC6E6F200D4135F /* SMImageView.swift in Headers */,
				F2143D3C1DC6E6F200D4135F /* SMTextField.swift in Headers */,
				F2143D3D1DC6E6F200D4135F /* SMSwitch.swift in Headers */,
				F2143D3E1DC6E6F200D4135F /* SMSlider.swift in Headers */,
				F2143D3F1DC6E6F200D4135F /* SMBaseViewController.swift in Headers */,
				F2143D401DC6E6F200D4135F /* SMViewController.swift in Headers */,
				F2143D411DC6E6F200D4135F /* SMTableView.swift in Headers */,
				F283B4C81EA4712B00125B72 /* SMWebViewController.swift in Headers */,
				F283B4CB1EA471BF00125B72 /* SMTestView.swift in Headers */,
				F283B4CA1EA471BA00125B72 /* SMRefreshTableView.swift in Headers */,
				F283B4C91EA471B700125B72 /* SMLoadingMask.swift in Headers */,
				F2BEDF881EFA097E00248C21 /* SMAutoScrollView.swift in Headers */,
			);
			runOnlyForDeploymentPostprocessing = 0;
		};
/* End PBXHeadersBuildPhase section */

/* Begin PBXNativeTarget section */
		F2E4D4C31D3E130800D4E916 /* SMUIKit */ = {
			isa = PBXNativeTarget;
			buildConfigurationList = F2E4D4CC1D3E130800D4E916 /* Build configuration list for PBXNativeTarget "SMUIKit" */;
			buildPhases = (
				F2E4D4BF1D3E130800D4E916 /* Sources */,
				F2E4D4C01D3E130800D4E916 /* Frameworks */,
				F2E4D4C11D3E130800D4E916 /* Headers */,
				F2E4D4C21D3E130800D4E916 /* Resources */,
			);
			buildRules = (
			);
			dependencies = (
			);
			name = SMUIKit;
			productName = SMUIKit;
			productReference = F2E4D4C41D3E130800D4E916 /* SMUIKit.framework */;
			productType = "com.apple.product-type.framework";
		};
/* End PBXNativeTarget section */

/* Begin PBXProject section */
		F2E4D4BB1D3E130800D4E916 /* Project object */ = {
			isa = PBXProject;
			attributes = {
				LastUpgradeCheck = 0800;
				ORGANIZATIONNAME = smallsao;
				TargetAttributes = {
					F2E4D4C31D3E130800D4E916 = {
						CreatedOnToolsVersion = 8.0;
						DevelopmentTeam = G379KFU825;
						DevelopmentTeamName = "hengxing zeng";
						LastSwiftMigration = 0830;
						ProvisioningStyle = Automatic;
					};
				};
			};
			buildConfigurationList = F2E4D4BE1D3E130800D4E916 /* Build configuration list for PBXProject "SMUIKit" */;
			compatibilityVersion = "Xcode 3.2";
			developmentRegion = English;
			hasScannedForEncodings = 0;
			knownRegions = (
				en,
			);
			mainGroup = F2E4D4BA1D3E130800D4E916;
			productRefGroup = F2E4D4C51D3E130800D4E916 /* Products */;
			projectDirPath = "";
			projectRoot = "";
			targets = (
				F2E4D4C31D3E130800D4E916 /* SMUIKit */,
			);
		};
/* End PBXProject section */

/* Begin PBXResourcesBuildPhase section */
		F2E4D4C21D3E130800D4E916 /* Resources */ = {
			isa = PBXResourcesBuildPhase;
			buildActionMask = 2147483647;
			files = (
				F286BF611D751B5E004EE5AE /* SMUIKit.xcassets in Resources */,
			);
			runOnlyForDeploymentPostprocessing = 0;
		};
/* End PBXResourcesBuildPhase section */

/* Begin PBXSourcesBuildPhase section */
		F2E4D4BF1D3E130800D4E916 /* Sources */ = {
			isa = PBXSourcesBuildPhase;
			buildActionMask = 2147483647;
			files = (
				F206CC7B1D6440F50044B76D /* SMUIKitUtils.swift in Sources */,
				F2E4D4D91D3E144F00D4E916 /* SMLabel.swift in Sources */,
				F2BEDF8F1EFA70AD00248C21 /* SMAutoScrollViewCell.swift in Sources */,
				F2DFA48B1D40C21C009D4419 /* SMTextField.swift in Sources */,
				F2DFA48D1D40C2A9009D4419 /* SMSwitch.swift in Sources */,
				F2BEDF871EF92F1F00248C21 /* SMAutoScrollView.swift in Sources */,
				F2DFA48F1D40C309009D4419 /* SMSlider.swift in Sources */,
				F273288B1D3F719B00647F9E /* SMView.swift in Sources */,
				F26C0D7E1E9C7BFC00761EF0 /* SMLoadingMask.swift in Sources */,
				F206CC791D643E670044B76D /* SMViewController.swift in Sources */,
				F286BF5B1D7449B6004EE5AE /* SMImageView.swift in Sources */,
				F2E4D4E61D3E211600D4E916 /* SMButton.swift in Sources */,
				F2EFB7ED1DFE897600D4F73A /* SMTestView.swift in Sources */,
				F286BF511D74360A004EE5AE /* SMRefreshTableView.swift in Sources */,
				F206CC771D643E470044B76D /* SMBaseViewController.swift in Sources */,
				F26B405A1D8103E6007967F1 /* SMTableView.swift in Sources */,
				F283B4C71EA466EB00125B72 /* SMWebViewController.swift in Sources */,
			);
			runOnlyForDeploymentPostprocessing = 0;
		};
/* End PBXSourcesBuildPhase section */

/* Begin XCBuildConfiguration section */
		F2E4D4CA1D3E130800D4E916 /* Debug */ = {
			isa = XCBuildConfiguration;
			buildSettings = {
				ALWAYS_SEARCH_USER_PATHS = NO;
				CLANG_ANALYZER_NONNULL = YES;
				CLANG_CXX_LANGUAGE_STANDARD = "gnu++0x";
				CLANG_CXX_LIBRARY = "libc++";
				CLANG_ENABLE_MODULES = YES;
				CLANG_ENABLE_OBJC_ARC = YES;
				CLANG_WARN_BOOL_CONVERSION = YES;
				CLANG_WARN_CONSTANT_CONVERSION = YES;
				CLANG_WARN_DIRECT_OBJC_ISA_USAGE = YES_ERROR;
				CLANG_WARN_DOCUMENTATION_COMMENTS = YES;
				CLANG_WARN_EMPTY_BODY = YES;
				CLANG_WARN_ENUM_CONVERSION = YES;
				CLANG_WARN_INT_CONVERSION = YES;
				CLANG_WARN_OBJC_ROOT_CLASS = YES_ERROR;
				CLANG_WARN_UNREACHABLE_CODE = YES;
				CLANG_WARN__DUPLICATE_METHOD_MATCH = YES;
				CODE_SIGN_IDENTITY = "iPhone Developer";
				"CODE_SIGN_IDENTITY[sdk=iphoneos*]" = "iPhone Developer";
				COPY_PHASE_STRIP = NO;
				CURRENT_PROJECT_VERSION = 1;
				DEBUG_INFORMATION_FORMAT = dwarf;
				ENABLE_STRICT_OBJC_MSGSEND = YES;
				ENABLE_TESTABILITY = YES;
				GCC_C_LANGUAGE_STANDARD = gnu99;
				GCC_DYNAMIC_NO_PIC = NO;
				GCC_NO_COMMON_BLOCKS = YES;
				GCC_OPTIMIZATION_LEVEL = 0;
				GCC_PREPROCESSOR_DEFINITIONS = (
					"DEBUG=1",
					"$(inherited)",
				);
				GCC_WARN_64_TO_32_BIT_CONVERSION = YES;
				GCC_WARN_ABOUT_RETURN_TYPE = YES_ERROR;
				GCC_WARN_UNDECLARED_SELECTOR = YES;
				GCC_WARN_UNINITIALIZED_AUTOS = YES_AGGRESSIVE;
				GCC_WARN_UNUSED_FUNCTION = YES;
				GCC_WARN_UNUSED_VARIABLE = YES;
				IPHONEOS_DEPLOYMENT_TARGET = 10.0;
				MTL_ENABLE_DEBUG_INFO = YES;
				ONLY_ACTIVE_ARCH = YES;
				SDKROOT = iphoneos;
				SWIFT_ACTIVE_COMPILATION_CONDITIONS = DEBUG;
				SWIFT_OPTIMIZATION_LEVEL = "-Onone";
				TARGETED_DEVICE_FAMILY = "1,2";
				VERSIONING_SYSTEM = "apple-generic";
				VERSION_INFO_PREFIX = "";
			};
			name = Debug;
		};
		F2E4D4CB1D3E130800D4E916 /* Release */ = {
			isa = XCBuildConfiguration;
			buildSettings = {
				ALWAYS_SEARCH_USER_PATHS = NO;
				CLANG_ANALYZER_NONNULL = YES;
				CLANG_CXX_LANGUAGE_STANDARD = "gnu++0x";
				CLANG_CXX_LIBRARY = "libc++";
				CLANG_ENABLE_MODULES = YES;
				CLANG_ENABLE_OBJC_ARC = YES;
				CLANG_WARN_BOOL_CONVERSION = YES;
				CLANG_WARN_CONSTANT_CONVERSION = YES;
				CLANG_WARN_DIRECT_OBJC_ISA_USAGE = YES_ERROR;
				CLANG_WARN_DOCUMENTATION_COMMENTS = YES;
				CLANG_WARN_EMPTY_BODY = YES;
				CLANG_WARN_ENUM_CONVERSION = YES;
				CLANG_WARN_INT_CONVERSION = YES;
				CLANG_WARN_OBJC_ROOT_CLASS = YES_ERROR;
				CLANG_WARN_UNREACHABLE_CODE = YES;
				CLANG_WARN__DUPLICATE_METHOD_MATCH = YES;
				CODE_SIGN_IDENTITY = "iPhone Developer";
				"CODE_SIGN_IDENTITY[sdk=iphoneos*]" = "iPhone Developer";
				COPY_PHASE_STRIP = NO;
				CURRENT_PROJECT_VERSION = 1;
				DEBUG_INFORMATION_FORMAT = "dwarf-with-dsym";
				ENABLE_NS_ASSERTIONS = NO;
				ENABLE_STRICT_OBJC_MSGSEND = YES;
				GCC_C_LANGUAGE_STANDARD = gnu99;
				GCC_NO_COMMON_BLOCKS = YES;
				GCC_WARN_64_TO_32_BIT_CONVERSION = YES;
				GCC_WARN_ABOUT_RETURN_TYPE = YES_ERROR;
				GCC_WARN_UNDECLARED_SELECTOR = YES;
				GCC_WARN_UNINITIALIZED_AUTOS = YES_AGGRESSIVE;
				GCC_WARN_UNUSED_FUNCTION = YES;
				GCC_WARN_UNUSED_VARIABLE = YES;
				IPHONEOS_DEPLOYMENT_TARGET = 10.0;
				MTL_ENABLE_DEBUG_INFO = NO;
				SDKROOT = iphoneos;
				SWIFT_OPTIMIZATION_LEVEL = "-Owholemodule";
				TARGETED_DEVICE_FAMILY = "1,2";
				VALIDATE_PRODUCT = YES;
				VERSIONING_SYSTEM = "apple-generic";
				VERSION_INFO_PREFIX = "";
			};
			name = Release;
		};
		F2E4D4CD1D3E130800D4E916 /* Debug */ = {
			isa = XCBuildConfiguration;
			buildSettings = {
				CLANG_ENABLE_MODULES = YES;
				CODE_SIGN_IDENTITY = "iPhone Developer";
				DEFINES_MODULE = YES;
				DEVELOPMENT_TEAM = G379KFU825;
				DYLIB_COMPATIBILITY_VERSION = 1;
				DYLIB_CURRENT_VERSION = 1;
				DYLIB_INSTALL_NAME_BASE = "@rpath";
				HEADER_SEARCH_PATHS = "'${SRCROOT}/../**'";
				INFOPLIST_FILE = SMUIKit/Info.plist;
				INSTALL_PATH = "$(LOCAL_LIBRARY_DIR)/Frameworks";
				IPHONEOS_DEPLOYMENT_TARGET = 8.0;
				LD_RUNPATH_SEARCH_PATHS = "$(inherited) @executable_path/Frameworks @loader_path/Frameworks";
				PRODUCT_BUNDLE_IDENTIFIER = com.smallsao.SMUIKit;
				PRODUCT_NAME = "$(TARGET_NAME)";
				SKIP_INSTALL = YES;
				SWIFT_OPTIMIZATION_LEVEL = "-Onone";
				SWIFT_VERSION = 3.0;
				USER_HEADER_SEARCH_PATHS = "'${SRCROOT}/../**'";
			};
			name = Debug;
		};
		F2E4D4CE1D3E130800D4E916 /* Release */ = {
			isa = XCBuildConfiguration;
			buildSettings = {
				CLANG_ENABLE_MODULES = YES;
				CODE_SIGN_IDENTITY = "iPhone Developer";
				DEFINES_MODULE = YES;
				DEVELOPMENT_TEAM = G379KFU825;
				DYLIB_COMPATIBILITY_VERSION = 1;
				DYLIB_CURRENT_VERSION = 1;
				DYLIB_INSTALL_NAME_BASE = "@rpath";
				HEADER_SEARCH_PATHS = "'${SRCROOT}/../**'";
				INFOPLIST_FILE = SMUIKit/Info.plist;
				INSTALL_PATH = "$(LOCAL_LIBRARY_DIR)/Frameworks";
				IPHONEOS_DEPLOYMENT_TARGET = 8.0;
				LD_RUNPATH_SEARCH_PATHS = "$(inherited) @executable_path/Frameworks @loader_path/Frameworks";
				PRODUCT_BUNDLE_IDENTIFIER = com.smallsao.SMUIKit;
				PRODUCT_NAME = "$(TARGET_NAME)";
				SKIP_INSTALL = YES;
				SWIFT_VERSION = 3.0;
				USER_HEADER_SEARCH_PATHS = "'${SRCROOT}/../**'";
			};
			name = Release;
		};
/* End XCBuildConfiguration section */

/* Begin XCConfigurationList section */
		F2E4D4BE1D3E130800D4E916 /* Build configuration list for PBXProject "SMUIKit" */ = {
			isa = XCConfigurationList;
			buildConfigurations = (
				F2E4D4CA1D3E130800D4E916 /* Debug */,
				F2E4D4CB1D3E130800D4E916 /* Release */,
			);
			defaultConfigurationIsVisible = 0;
			defaultConfigurationName = Release;
		};
		F2E4D4CC1D3E130800D4E916 /* Build configuration list for PBXNativeTarget "SMUIKit" */ = {
			isa = XCConfigurationList;
			buildConfigurations = (
				F2E4D4CD1D3E130800D4E916 /* Debug */,
				F2E4D4CE1D3E130800D4E916 /* Release */,
			);
			defaultConfigurationIsVisible = 0;
			defaultConfigurationName = Release;
		};
/* End XCConfigurationList section */
	};
	rootObject = F2E4D4BB1D3E130800D4E916 /* Project object */;
}
