// !$*UTF8*$!
{
	archiveVersion = 1;
	classes = {
	};
	objectVersion = 46;
	objects = {

/* Begin PBXBuildFile section */
		F2E4D4D91D3E144F00D4E916 /* SMLabel.swift in Sources */ = {isa = PBXBuildFile; fileRef = F2E4D4D81D3E144F00D4E916 /* SMLabel.swift */; };
		F2E4D4DE1D3E198A00D4E916 /* SMLabel.swift in Headers */ = {isa = PBXBuildFile; fileRef = F2E4D4D81D3E144F00D4E916 /* SMLabel.swift */; settings = {ATTRIBUTES = (Public, ); }; };
		F2E4D4E41D3E1C1500D4E916 /* SMUIKit.swift in Sources */ = {isa = PBXBuildFile; fileRef = F2E4D4E31D3E1C1500D4E916 /* SMUIKit.swift */; };
		F2E4D4E61D3E211600D4E916 /* SMButton.swift in Sources */ = {isa = PBXBuildFile; fileRef = F2E4D4E51D3E211600D4E916 /* SMButton.swift */; };
/* End PBXBuildFile section */

/* Begin PBXFileReference section */
		F2E4D4C41D3E130800D4E916 /* SMUIKit.framework */ = {isa = PBXFileReference; explicitFileType = wrapper.framework; includeInIndex = 0; path = SMUIKit.framework; sourceTree = BUILT_PRODUCTS_DIR; };
		F2E4D4C81D3E130800D4E916 /* Info.plist */ = {isa = PBXFileReference; lastKnownFileType = text.plist.xml; path = Info.plist; sourceTree = "<group>"; };
		F2E4D4D81D3E144F00D4E916 /* SMLabel.swift */ = {isa = PBXFileReference; fileEncoding = 4; lastKnownFileType = sourcecode.swift; path = SMLabel.swift; sourceTree = "<group>"; };
		F2E4D4E31D3E1C1500D4E916 /* SMUIKit.swift */ = {isa = PBXFileReference; fileEncoding = 4; lastKnownFileType = sourcecode.swift; path = SMUIKit.swift; sourceTree = "<group>"; };
		F2E4D4E51D3E211600D4E916 /* SMButton.swift */ = {isa = PBXFileReference; fileEncoding = 4; lastKnownFileType = sourcecode.swift; path = SMButton.swift; sourceTree = "<group>"; };
/* End PBXFileReference section */

/* Begin PBXFrameworksBuildPhase section */
		F2E4D4C01D3E130800D4E916 /* Frameworks */ = {
			isa = PBXFrameworksBuildPhase;
			buildActionMask = 2147483647;
			files = (
			);
			runOnlyForDeploymentPostprocessing = 0;
		};
/* End PBXFrameworksBuildPhase section */

/* Begin PBXGroup section */
		F2E4D4BA1D3E130800D4E916 = {
			isa = PBXGroup;
			children = (
				F2E4D4C61D3E130800D4E916 /* SMUIKit */,
				F2E4D4C51D3E130800D4E916 /* Products */,
			);
			sourceTree = "<group>";
		};
		F2E4D4C51D3E130800D4E916 /* Products */ = {
			isa = PBXGroup;
			children = (
				F2E4D4C41D3E130800D4E916 /* SMUIKit.framework */,
			);
			name = Products;
			sourceTree = "<group>";
		};
		F2E4D4C61D3E130800D4E916 /* SMUIKit */ = {
			isa = PBXGroup;
			children = (
				F2E4D4C81D3E130800D4E916 /* Info.plist */,
				F2E4D4E31D3E1C1500D4E916 /* SMUIKit.swift */,
				F2E4D4D81D3E144F00D4E916 /* SMLabel.swift */,
				F2E4D4E51D3E211600D4E916 /* SMButton.swift */,
			);
			path = SMUIKit;
			sourceTree = "<group>";
		};
/* End PBXGroup section */

/* Begin PBXHeadersBuildPhase section */
		F2E4D4C11D3E130800D4E916 /* Headers */ = {
			isa = PBXHeadersBuildPhase;
			buildActionMask = 2147483647;
			files = (
				F2E4D4DE1D3E198A00D4E916 /* SMLabel.swift in Headers */,
			);
			runOnlyForDeploymentPostprocessing = 0;
		};
/* End PBXHeadersBuildPhase section */

/* Begin PBXNativeTarget section */
		F2E4D4C31D3E130800D4E916 /* SMUIKit */ = {
			isa = PBXNativeTarget;
			buildConfigurationList = F2E4D4CC1D3E130800D4E916 /* Build configuration list for PBXNativeTarget "SMUIKit" */;
			buildPhases = (
				F2E4D4BF1D3E130800D4E916 /* Sources */,
				F2E4D4C01D3E130800D4E916 /* Frameworks */,
				F2E4D4C11D3E130800D4E916 /* Headers */,
				F2E4D4C21D3E130800D4E916 /* Resources */,
			);
			buildRules = (
			);
			dependencies = (
			);
			name = SMUIKit;
			productName = SMUIKit;
			productReference = F2E4D4C41D3E130800D4E916 /* SMUIKit.framework */;
			productType = "com.apple.product-type.framework";
		};
/* End PBXNativeTarget section */

/* Begin PBXProject section */
		F2E4D4BB1D3E130800D4E916 /* Project object */ = {
			isa = PBXProject;
			attributes = {
				LastUpgradeCheck = 0800;
				ORGANIZATIONNAME = smallsao;
				TargetAttributes = {
					F2E4D4C31D3E130800D4E916 = {
						CreatedOnToolsVersion = 8.0;
						LastSwiftMigration = 0800;
						ProvisioningStyle = Automatic;
					};
				};
			};
			buildConfigurationList = F2E4D4BE1D3E130800D4E916 /* Build configuration list for PBXProject "SMUIKit" */;
			compatibilityVersion = "Xcode 3.2";
			developmentRegion = English;
			hasScannedForEncodings = 0;
			knownRegions = (
				en,
			);
			mainGroup = F2E4D4BA1D3E130800D4E916;
			productRefGroup = F2E4D4C51D3E130800D4E916 /* Products */;
			projectDirPath = "";
			projectRoot = "";
			targets = (
				F2E4D4C31D3E130800D4E916 /* SMUIKit */,
			);
		};
/* End PBXProject section */

/* Begin PBXResourcesBuildPhase section */
		F2E4D4C21D3E130800D4E916 /* Resources */ = {
			isa = PBXResourcesBuildPhase;
			buildActionMask = 2147483647;
			files = (
			);
			runOnlyForDeploymentPostprocessing = 0;
		};
/* End PBXResourcesBuildPhase section */

/* Begin PBXSourcesBuildPhase section */
		F2E4D4BF1D3E130800D4E916 /* Sources */ = {
			isa = PBXSourcesBuildPhase;
			buildActionMask = 2147483647;
			files = (
				F2E4D4E41D3E1C1500D4E916 /* SMUIKit.swift in Sources */,
				F2E4D4D91D3E144F00D4E916 /* SMLabel.swift in Sources */,
				F2E4D4E61D3E211600D4E916 /* SMButton.swift in Sources */,
			);
			runOnlyForDeploymentPostprocessing = 0;
		};
/* End PBXSourcesBuildPhase section */

/* Begin XCBuildConfiguration section */
		F2E4D4CA1D3E130800D4E916 /* Debug */ = {
			isa = XCBuildConfiguration;
			buildSettings = {
				ALWAYS_SEARCH_USER_PATHS = NO;
				CLANG_ANALYZER_NONNULL = YES;
				CLANG_CXX_LANGUAGE_STANDARD = "gnu++0x";
				CLANG_CXX_LIBRARY = "libc++";
				CLANG_ENABLE_MODULES = YES;
				CLANG_ENABLE_OBJC_ARC = YES;
				CLANG_WARN_BOOL_CONVERSION = YES;
				CLANG_WARN_CONSTANT_CONVERSION = YES;
				CLANG_WARN_DIRECT_OBJC_ISA_USAGE = YES_ERROR;
				CLANG_WARN_DOCUMENTATION_COMMENTS = YES;
				CLANG_WARN_EMPTY_BODY = YES;
				CLANG_WARN_ENUM_CONVERSION = YES;
				CLANG_WARN_INT_CONVERSION = YES;
				CLANG_WARN_OBJC_ROOT_CLASS = YES_ERROR;
				CLANG_WARN_UNREACHABLE_CODE = YES;
				CLANG_WARN__DUPLICATE_METHOD_MATCH = YES;
				CODE_SIGN_IDENTITY = "iPhone Developer: hengxing zeng (TG3QU54E5S)";
				"CODE_SIGN_IDENTITY[sdk=iphoneos*]" = "iPhone Developer: hengxing zeng (TG3QU54E5S)";
				COPY_PHASE_STRIP = NO;
				CURRENT_PROJECT_VERSION = 1;
				DEBUG_INFORMATION_FORMAT = dwarf;
				ENABLE_STRICT_OBJC_MSGSEND = YES;
				ENABLE_TESTABILITY = YES;
				GCC_C_LANGUAGE_STANDARD = gnu99;
				GCC_DYNAMIC_NO_PIC = NO;
				GCC_NO_COMMON_BLOCKS = YES;
				GCC_OPTIMIZATION_LEVEL = 0;
				GCC_PREPROCESSOR_DEFINITIONS = (
					"DEBUG=1",
					"$(inherited)",
				);
				GCC_WARN_64_TO_32_BIT_CONVERSION = YES;
				GCC_WARN_ABOUT_RETURN_TYPE = YES_ERROR;
				GCC_WARN_UNDECLARED_SELECTOR = YES;
				GCC_WARN_UNINITIALIZED_AUTOS = YES_AGGRESSIVE;
				GCC_WARN_UNUSED_FUNCTION = YES;
				GCC_WARN_UNUSED_VARIABLE = YES;
				IPHONEOS_DEPLOYMENT_TARGET = 10.0;
				MTL_ENABLE_DEBUG_INFO = YES;
				ONLY_ACTIVE_ARCH = YES;
				SDKROOT = iphoneos;
				SWIFT_ACTIVE_COMPILATION_CONDITIONS = DEBUG;
				SWIFT_OPTIMIZATION_LEVEL = "-Onone";
				TARGETED_DEVICE_FAMILY = "1,2";
				VERSIONING_SYSTEM = "apple-generic";
				VERSION_INFO_PREFIX = "";
			};
			name = Debug;
		};
		F2E4D4CB1D3E130800D4E916 /* Release */ = {
			isa = XCBuildConfiguration;
			buildSettings = {
				ALWAYS_SEARCH_USER_PATHS = NO;
				CLANG_ANALYZER_NONNULL = YES;
				CLANG_CXX_LANGUAGE_STANDARD = "gnu++0x";
				CLANG_CXX_LIBRARY = "libc++";
				CLANG_ENABLE_MODULES = YES;
				CLANG_ENABLE_OBJC_ARC = YES;
				CLANG_WARN_BOOL_CONVERSION = YES;
				CLANG_WARN_CONSTANT_CONVERSION = YES;
				CLANG_WARN_DIRECT_OBJC_ISA_USAGE = YES_ERROR;
				CLANG_WARN_DOCUMENTATION_COMMENTS = YES;
				CLANG_WARN_EMPTY_BODY = YES;
				CLANG_WARN_ENUM_CONVERSION = YES;
				CLANG_WARN_INT_CONVERSION = YES;
				CLANG_WARN_OBJC_ROOT_CLASS = YES_ERROR;
				CLANG_WARN_UNREACHABLE_CODE = YES;
				CLANG_WARN__DUPLICATE_METHOD_MATCH = YES;
				"CODE_SIGN_IDENTITY[sdk=iphoneos*]" = "iPhone Developer";
				COPY_PHASE_STRIP = NO;
				CURRENT_PROJECT_VERSION = 1;
				DEBUG_INFORMATION_FORMAT = "dwarf-with-dsym";
				ENABLE_NS_ASSERTIONS = NO;
				ENABLE_STRICT_OBJC_MSGSEND = YES;
				GCC_C_LANGUAGE_STANDARD = gnu99;
				GCC_NO_COMMON_BLOCKS = YES;
				GCC_WARN_64_TO_32_BIT_CONVERSION = YES;
				GCC_WARN_ABOUT_RETURN_TYPE = YES_ERROR;
				GCC_WARN_UNDECLARED_SELECTOR = YES;
				GCC_WARN_UNINITIALIZED_AUTOS = YES_AGGRESSIVE;
				GCC_WARN_UNUSED_FUNCTION = YES;
				GCC_WARN_UNUSED_VARIABLE = YES;
				IPHONEOS_DEPLOYMENT_TARGET = 10.0;
				MTL_ENABLE_DEBUG_INFO = NO;
				SDKROOT = iphoneos;
				SWIFT_OPTIMIZATION_LEVEL = "-Owholemodule";
				TARGETED_DEVICE_FAMILY = "1,2";
				VALIDATE_PRODUCT = YES;
				VERSIONING_SYSTEM = "apple-generic";
				VERSION_INFO_PREFIX = "";
			};
			name = Release;
		};
		F2E4D4CD1D3E130800D4E916 /* Debug */ = {
			isa = XCBuildConfiguration;
			buildSettings = {
				CLANG_ENABLE_MODULES = YES;
				CODE_SIGN_IDENTITY = "iPhone Developer: hengxing zeng (TG3QU54E5S)";
				DEFINES_MODULE = YES;
				DYLIB_COMPATIBILITY_VERSION = 1;
				DYLIB_CURRENT_VERSION = 1;
				DYLIB_INSTALL_NAME_BASE = "@rpath";
				INFOPLIST_FILE = SMUIKit/Info.plist;
				INSTALL_PATH = "$(LOCAL_LIBRARY_DIR)/Frameworks";
				IPHONEOS_DEPLOYMENT_TARGET = 9.0;
				LD_RUNPATH_SEARCH_PATHS = "$(inherited) @executable_path/Frameworks @loader_path/Frameworks";
				PRODUCT_BUNDLE_IDENTIFIER = com.koudai.weidian.smallsao.SMUIKit;
				PRODUCT_NAME = "$(TARGET_NAME)";
				SKIP_INSTALL = YES;
				SWIFT_OPTIMIZATION_LEVEL = "-Onone";
				SWIFT_VERSION = 3.0;
			};
			name = Debug;
		};
		F2E4D4CE1D3E130800D4E916 /* Release */ = {
			isa = XCBuildConfiguration;
			buildSettings = {
				CLANG_ENABLE_MODULES = YES;
				CODE_SIGN_IDENTITY = "iPhone Developer: hengxing zeng (TG3QU54E5S)";
				DEFINES_MODULE = YES;
				DYLIB_COMPATIBILITY_VERSION = 1;
				DYLIB_CURRENT_VERSION = 1;
				DYLIB_INSTALL_NAME_BASE = "@rpath";
				INFOPLIST_FILE = SMUIKit/Info.plist;
				INSTALL_PATH = "$(LOCAL_LIBRARY_DIR)/Frameworks";
				IPHONEOS_DEPLOYMENT_TARGET = 9.0;
				LD_RUNPATH_SEARCH_PATHS = "$(inherited) @executable_path/Frameworks @loader_path/Frameworks";
				PRODUCT_BUNDLE_IDENTIFIER = com.koudai.weidian.smallsao.SMUIKit;
				PRODUCT_NAME = "$(TARGET_NAME)";
				SKIP_INSTALL = YES;
				SWIFT_VERSION = 3.0;
			};
			name = Release;
		};
/* End XCBuildConfiguration section */

/* Begin XCConfigurationList section */
		F2E4D4BE1D3E130800D4E916 /* Build configuration list for PBXProject "SMUIKit" */ = {
			isa = XCConfigurationList;
			buildConfigurations = (
				F2E4D4CA1D3E130800D4E916 /* Debug */,
				F2E4D4CB1D3E130800D4E916 /* Release */,
			);
			defaultConfigurationIsVisible = 0;
			defaultConfigurationName = Release;
		};
		F2E4D4CC1D3E130800D4E916 /* Build configuration list for PBXNativeTarget "SMUIKit" */ = {
			isa = XCConfigurationList;
			buildConfigurations = (
				F2E4D4CD1D3E130800D4E916 /* Debug */,
				F2E4D4CE1D3E130800D4E916 /* Release */,
			);
			defaultConfigurationIsVisible = 0;
		};
/* End XCConfigurationList section */
	};
	rootObject = F2E4D4BB1D3E130800D4E916 /* Project object */;
}
