// !$*UTF8*$!
{
	archiveVersion = 1;
	classes = {
	};
	objectVersion = 46;
	objects = {

/* Begin PBXBuildFile section */
		F2143CEB1DC6DF0E00D4135F /* SMTools.h in Headers */ = {isa = PBXBuildFile; fileRef = F2143CE91DC6DF0E00D4135F /* SMTools.h */; settings = {ATTRIBUTES = (Public, ); }; };
		F2143CF21DC6DF2500D4135F /* SMTools.xcassets in Resources */ = {isa = PBXBuildFile; fileRef = F2143CF11DC6DF2500D4135F /* SMTools.xcassets */; };
		F2143CF41DC6E1CF00D4135F /* SMTools.swift in Sources */ = {isa = PBXBuildFile; fileRef = F2143CF31DC6E1CF00D4135F /* SMTools.swift */; };
		F2143CF71DC6E2CA00D4135F /* SMTools.swift in Headers */ = {isa = PBXBuildFile; fileRef = F2143CF31DC6E1CF00D4135F /* SMTools.swift */; settings = {ATTRIBUTES = (Public, ); }; };
/* End PBXBuildFile section */

/* Begin PBXFileReference section */
		F2143CE61DC6DF0E00D4135F /* SMTools.framework */ = {isa = PBXFileReference; explicitFileType = wrapper.framework; includeInIndex = 0; path = SMTools.framework; sourceTree = BUILT_PRODUCTS_DIR; };
		F2143CE91DC6DF0E00D4135F /* SMTools.h */ = {isa = PBXFileReference; lastKnownFileType = sourcecode.c.h; path = SMTools.h; sourceTree = "<group>"; };
		F2143CEA1DC6DF0E00D4135F /* Info.plist */ = {isa = PBXFileReference; lastKnownFileType = text.plist.xml; path = Info.plist; sourceTree = "<group>"; };
		F2143CF11DC6DF2500D4135F /* SMTools.xcassets */ = {isa = PBXFileReference; lastKnownFileType = folder.assetcatalog; path = SMTools.xcassets; sourceTree = "<group>"; };
		F2143CF31DC6E1CF00D4135F /* SMTools.swift */ = {isa = PBXFileReference; fileEncoding = 4; lastKnownFileType = sourcecode.swift; path = SMTools.swift; sourceTree = "<group>"; };
/* End PBXFileReference section */

/* Begin PBXFrameworksBuildPhase section */
		F2143CE21DC6DF0E00D4135F /* Frameworks */ = {
			isa = PBXFrameworksBuildPhase;
			buildActionMask = 2147483647;
			files = (
			);
			runOnlyForDeploymentPostprocessing = 0;
		};
/* End PBXFrameworksBuildPhase section */

/* Begin PBXGroup section */
		F2143CDC1DC6DF0E00D4135F = {
			isa = PBXGroup;
			children = (
				F2143CF11DC6DF2500D4135F /* SMTools.xcassets */,
				F2143CE81DC6DF0E00D4135F /* SMTools */,
				F2143CE71DC6DF0E00D4135F /* Products */,
			);
			sourceTree = "<group>";
		};
		F2143CE71DC6DF0E00D4135F /* Products */ = {
			isa = PBXGroup;
			children = (
				F2143CE61DC6DF0E00D4135F /* SMTools.framework */,
			);
			name = Products;
			sourceTree = "<group>";
		};
		F2143CE81DC6DF0E00D4135F /* SMTools */ = {
			isa = PBXGroup;
			children = (
				F2143CE91DC6DF0E00D4135F /* SMTools.h */,
				F2143CEA1DC6DF0E00D4135F /* Info.plist */,
				F2143CF31DC6E1CF00D4135F /* SMTools.swift */,
			);
			path = SMTools;
			sourceTree = "<group>";
		};
/* End PBXGroup section */

/* Begin PBXHeadersBuildPhase section */
		F2143CE31DC6DF0E00D4135F /* Headers */ = {
			isa = PBXHeadersBuildPhase;
			buildActionMask = 2147483647;
			files = (
				F2143CEB1DC6DF0E00D4135F /* SMTools.h in Headers */,
				F2143CF71DC6E2CA00D4135F /* SMTools.swift in Headers */,
			);
			runOnlyForDeploymentPostprocessing = 0;
		};
/* End PBXHeadersBuildPhase section */

/* Begin PBXNativeTarget section */
		F2143CE51DC6DF0E00D4135F /* SMTools */ = {
			isa = PBXNativeTarget;
			buildConfigurationList = F2143CEE1DC6DF0E00D4135F /* Build configuration list for PBXNativeTarget "SMTools" */;
			buildPhases = (
				F2143CE11DC6DF0E00D4135F /* Sources */,
				F2143CE21DC6DF0E00D4135F /* Frameworks */,
				F2143CE31DC6DF0E00D4135F /* Headers */,
				F2143CE41DC6DF0E00D4135F /* Resources */,
			);
			buildRules = (
			);
			dependencies = (
			);
			name = SMTools;
			productName = SMTools;
			productReference = F2143CE61DC6DF0E00D4135F /* SMTools.framework */;
			productType = "com.apple.product-type.framework";
		};
/* End PBXNativeTarget section */

/* Begin PBXProject section */
		F2143CDD1DC6DF0E00D4135F /* Project object */ = {
			isa = PBXProject;
			attributes = {
				LastUpgradeCheck = 0800;
				ORGANIZATIONNAME = smallsao;
				TargetAttributes = {
					F2143CE51DC6DF0E00D4135F = {
						CreatedOnToolsVersion = 8.0;
						DevelopmentTeam = G379KFU825;
						LastSwiftMigration = 0800;
						ProvisioningStyle = Automatic;
					};
				};
			};
			buildConfigurationList = F2143CE01DC6DF0E00D4135F /* Build configuration list for PBXProject "SMTools" */;
			compatibilityVersion = "Xcode 3.2";
			developmentRegion = English;
			hasScannedForEncodings = 0;
			knownRegions = (
				en,
			);
			mainGroup = F2143CDC1DC6DF0E00D4135F;
			productRefGroup = F2143CE71DC6DF0E00D4135F /* Products */;
			projectDirPath = "";
			projectRoot = "";
			targets = (
				F2143CE51DC6DF0E00D4135F /* SMTools */,
			);
		};
/* End PBXProject section */

/* Begin PBXResourcesBuildPhase section */
		F2143CE41DC6DF0E00D4135F /* Resources */ = {
			isa = PBXResourcesBuildPhase;
			buildActionMask = 2147483647;
			files = (
				F2143CF21DC6DF2500D4135F /* SMTools.xcassets in Resources */,
			);
			runOnlyForDeploymentPostprocessing = 0;
		};
/* End PBXResourcesBuildPhase section */

/* Begin PBXSourcesBuildPhase section */
		F2143CE11DC6DF0E00D4135F /* Sources */ = {
			isa = PBXSourcesBuildPhase;
			buildActionMask = 2147483647;
			files = (
				F2143CF41DC6E1CF00D4135F /* SMTools.swift in Sources */,
			);
			runOnlyForDeploymentPostprocessing = 0;
		};
/* End PBXSourcesBuildPhase section */

/* Begin XCBuildConfiguration section */
		F2143CEC1DC6DF0E00D4135F /* Debug */ = {
			isa = XCBuildConfiguration;
			buildSettings = {
				ALWAYS_SEARCH_USER_PATHS = NO;
				CLANG_ANALYZER_NONNULL = YES;
				CLANG_CXX_LANGUAGE_STANDARD = "gnu++0x";
				CLANG_CXX_LIBRARY = "libc++";
				CLANG_ENABLE_MODULES = YES;
				CLANG_ENABLE_OBJC_ARC = YES;
				CLANG_WARN_BOOL_CONVERSION = YES;
				CLANG_WARN_CONSTANT_CONVERSION = YES;
				CLANG_WARN_DIRECT_OBJC_ISA_USAGE = YES_ERROR;
				CLANG_WARN_DOCUMENTATION_COMMENTS = YES;
				CLANG_WARN_EMPTY_BODY = YES;
				CLANG_WARN_ENUM_CONVERSION = YES;
				CLANG_WARN_INFINITE_RECURSION = YES;
				CLANG_WARN_INT_CONVERSION = YES;
				CLANG_WARN_OBJC_ROOT_CLASS = YES_ERROR;
				CLANG_WARN_SUSPICIOUS_MOVES = YES;
				CLANG_WARN_UNREACHABLE_CODE = YES;
				CLANG_WARN__DUPLICATE_METHOD_MATCH = YES;
				"CODE_SIGN_IDENTITY[sdk=iphoneos*]" = "iPhone Developer";
				COPY_PHASE_STRIP = NO;
				CURRENT_PROJECT_VERSION = 1;
				DEBUG_INFORMATION_FORMAT = dwarf;
				ENABLE_STRICT_OBJC_MSGSEND = YES;
				ENABLE_TESTABILITY = YES;
				GCC_C_LANGUAGE_STANDARD = gnu99;
				GCC_DYNAMIC_NO_PIC = NO;
				GCC_NO_COMMON_BLOCKS = YES;
				GCC_OPTIMIZATION_LEVEL = 0;
				GCC_PREPROCESSOR_DEFINITIONS = (
					"DEBUG=1",
					"$(inherited)",
				);
				GCC_WARN_64_TO_32_BIT_CONVERSION = YES;
				GCC_WARN_ABOUT_RETURN_TYPE = YES_ERROR;
				GCC_WARN_UNDECLARED_SELECTOR = YES;
				GCC_WARN_UNINITIALIZED_AUTOS = YES_AGGRESSIVE;
				GCC_WARN_UNUSED_FUNCTION = YES;
				GCC_WARN_UNUSED_VARIABLE = YES;
				IPHONEOS_DEPLOYMENT_TARGET = 10.0;
				MTL_ENABLE_DEBUG_INFO = YES;
				ONLY_ACTIVE_ARCH = YES;
				SDKROOT = iphoneos;
				SWIFT_ACTIVE_COMPILATION_CONDITIONS = DEBUG;
				SWIFT_OPTIMIZATION_LEVEL = "-Onone";
				TARGETED_DEVICE_FAMILY = "1,2";
				VERSIONING_SYSTEM = "apple-generic";
				VERSION_INFO_PREFIX = "";
			};
			name = Debug;
		};
		F2143CED1DC6DF0E00D4135F /* Release */ = {
			isa = XCBuildConfiguration;
			buildSettings = {
				ALWAYS_SEARCH_USER_PATHS = NO;
				CLANG_ANALYZER_NONNULL = YES;
				CLANG_CXX_LANGUAGE_STANDARD = "gnu++0x";
				CLANG_CXX_LIBRARY = "libc++";
				CLANG_ENABLE_MODULES = YES;
				CLANG_ENABLE_OBJC_ARC = YES;
				CLANG_WARN_BOOL_CONVERSION = YES;
				CLANG_WARN_CONSTANT_CONVERSION = YES;
				CLANG_WARN_DIRECT_OBJC_ISA_USAGE = YES_ERROR;
				CLANG_WARN_DOCUMENTATION_COMMENTS = YES;
				CLANG_WARN_EMPTY_BODY = YES;
				CLANG_WARN_ENUM_CONVERSION = YES;
				CLANG_WARN_INFINITE_RECURSION = YES;
				CLANG_WARN_INT_CONVERSION = YES;
				CLANG_WARN_OBJC_ROOT_CLASS = YES_ERROR;
				CLANG_WARN_SUSPICIOUS_MOVES = YES;
				CLANG_WARN_UNREACHABLE_CODE = YES;
				CLANG_WARN__DUPLICATE_METHOD_MATCH = YES;
				"CODE_SIGN_IDENTITY[sdk=iphoneos*]" = "iPhone Developer";
				COPY_PHASE_STRIP = NO;
				CURRENT_PROJECT_VERSION = 1;
				DEBUG_INFORMATION_FORMAT = "dwarf-with-dsym";
				ENABLE_NS_ASSERTIONS = NO;
				ENABLE_STRICT_OBJC_MSGSEND = YES;
				GCC_C_LANGUAGE_STANDARD = gnu99;
				GCC_NO_COMMON_BLOCKS = YES;
				GCC_WARN_64_TO_32_BIT_CONVERSION = YES;
				GCC_WARN_ABOUT_RETURN_TYPE = YES_ERROR;
				GCC_WARN_UNDECLARED_SELECTOR = YES;
				GCC_WARN_UNINITIALIZED_AUTOS = YES_AGGRESSIVE;
				GCC_WARN_UNUSED_FUNCTION = YES;
				GCC_WARN_UNUSED_VARIABLE = YES;
				IPHONEOS_DEPLOYMENT_TARGET = 10.0;
				MTL_ENABLE_DEBUG_INFO = NO;
				SDKROOT = iphoneos;
				SWIFT_OPTIMIZATION_LEVEL = "-Owholemodule";
				TARGETED_DEVICE_FAMILY = "1,2";
				VALIDATE_PRODUCT = YES;
				VERSIONING_SYSTEM = "apple-generic";
				VERSION_INFO_PREFIX = "";
			};
			name = Release;
		};
		F2143CEF1DC6DF0E00D4135F /* Debug */ = {
			isa = XCBuildConfiguration;
			buildSettings = {
				CLANG_ENABLE_MODULES = YES;
				CODE_SIGN_IDENTITY = "";
				DEFINES_MODULE = YES;
				DEVELOPMENT_TEAM = G379KFU825;
				DYLIB_COMPATIBILITY_VERSION = 1;
				DYLIB_CURRENT_VERSION = 1;
				DYLIB_INSTALL_NAME_BASE = "@rpath";
				INFOPLIST_FILE = SMTools/Info.plist;
				INSTALL_PATH = "$(LOCAL_LIBRARY_DIR)/Frameworks";
				IPHONEOS_DEPLOYMENT_TARGET = 8.0;
				LD_RUNPATH_SEARCH_PATHS = "$(inherited) @executable_path/Frameworks @loader_path/Frameworks";
				PRODUCT_BUNDLE_IDENTIFIER = com.smallsao.SMTools;
				PRODUCT_NAME = "$(TARGET_NAME)";
				SKIP_INSTALL = YES;
				SWIFT_OPTIMIZATION_LEVEL = "-Onone";
				SWIFT_VERSION = 3.0;
				USER_HEADER_SEARCH_PATHS = "'${SRCROOT}/../**'";
			};
			name = Debug;
		};
		F2143CF01DC6DF0E00D4135F /* Release */ = {
			isa = XCBuildConfiguration;
			buildSettings = {
				CLANG_ENABLE_MODULES = YES;
				CODE_SIGN_IDENTITY = "";
				DEFINES_MODULE = YES;
				DEVELOPMENT_TEAM = G379KFU825;
				DYLIB_COMPATIBILITY_VERSION = 1;
				DYLIB_CURRENT_VERSION = 1;
				DYLIB_INSTALL_NAME_BASE = "@rpath";
				INFOPLIST_FILE = SMTools/Info.plist;
				INSTALL_PATH = "$(LOCAL_LIBRARY_DIR)/Frameworks";
				IPHONEOS_DEPLOYMENT_TARGET = 8.0;
				LD_RUNPATH_SEARCH_PATHS = "$(inherited) @executable_path/Frameworks @loader_path/Frameworks";
				PRODUCT_BUNDLE_IDENTIFIER = com.smallsao.SMTools;
				PRODUCT_NAME = "$(TARGET_NAME)";
				SKIP_INSTALL = YES;
				SWIFT_VERSION = 3.0;
				USER_HEADER_SEARCH_PATHS = "'${SRCROOT}/../**'";
			};
			name = Release;
		};
/* End XCBuildConfiguration section */

/* Begin XCConfigurationList section */
		F2143CE01DC6DF0E00D4135F /* Build configuration list for PBXProject "SMTools" */ = {
			isa = XCConfigurationList;
			buildConfigurations = (
				F2143CEC1DC6DF0E00D4135F /* Debug */,
				F2143CED1DC6DF0E00D4135F /* Release */,
			);
			defaultConfigurationIsVisible = 0;
			defaultConfigurationName = Release;
		};
		F2143CEE1DC6DF0E00D4135F /* Build configuration list for PBXNativeTarget "SMTools" */ = {
			isa = XCConfigurationList;
			buildConfigurations = (
				F2143CEF1DC6DF0E00D4135F /* Debug */,
				F2143CF01DC6DF0E00D4135F /* Release */,
			);
			defaultConfigurationIsVisible = 0;
			defaultConfigurationName = Release;
		};
/* End XCConfigurationList section */
	};
	rootObject = F2143CDD1DC6DF0E00D4135F /* Project object */;
}
